
Microsoft Visual Studio Solution File, Format Version 12.00
# Visual Studio Version 17
VisualStudioVersion = 17.1.32228.430
MinimumVisualStudioVersion = 10.0.40219.1
Project("{9A19103F-16F7-4668-BE54-9A1E7A4F7556}") = "OnlineAssessment", "OnlineAssessment\OnlineAssessment.csproj", "{92728B3E-AB5B-4894-895C-B3C426F5980F}"
EndProject
Project("{9A19103F-16F7-4668-BE54-9A1E7A4F7556}") = "QuestionOne", "QuestionOne\QuestionOne.csproj", "{216DF2EB-AD1F-48D6-AA69-EE65F00BE50B}"
EndProject
Project("{9A19103F-16F7-4668-BE54-9A1E7A4F7556}") = "questiontwoa", "questiontwoa\questiontwoa.csproj", "{FE428784-F80C-4F3F-8CA4-535812F8C89A}"
EndProject
Project("{FAE04EC0-301F-11D3-BF4B-00C04F79EFBC}") = "test zone", "test zone\test zone.csproj", "{EA2F0A71-CD02-4E09-A38D-38D590909227}"
EndProject
Global
	GlobalSection(SolutionConfigurationPlatforms) = preSolution
		Debug|Any CPU = Debug|Any CPU
		Release|Any CPU = Release|Any CPU
	EndGlobalSection
	GlobalSection(ProjectConfigurationPlatforms) = postSolution
		{92728B3E-AB5B-4894-895C-B3C426F5980F}.Debug|Any CPU.ActiveCfg = Debug|Any CPU
		{92728B3E-AB5B-4894-895C-B3C426F5980F}.Debug|Any CPU.Build.0 = Debug|Any CPU
		{92728B3E-AB5B-4894-895C-B3C426F5980F}.Release|Any CPU.ActiveCfg = Release|Any CPU
		{92728B3E-AB5B-4894-895C-B3C426F5980F}.Release|Any CPU.Build.0 = Release|Any CPU
		{216DF2EB-AD1F-48D6-AA69-EE65F00BE50B}.Debug|Any CPU.ActiveCfg = Debug|Any CPU
		{216DF2EB-AD1F-48D6-AA69-EE65F00BE50B}.Debug|Any CPU.Build.0 = Debug|Any CPU
		{216DF2EB-AD1F-48D6-AA69-EE65F00BE50B}.Release|Any CPU.ActiveCfg = Release|Any CPU
		{216DF2EB-AD1F-48D6-AA69-EE65F00BE50B}.Release|Any CPU.Build.0 = Release|Any CPU
		{FE428784-F80C-4F3F-8CA4-535812F8C89A}.Debug|Any CPU.ActiveCfg = Debug|Any CPU
		{FE428784-F80C-4F3F-8CA4-535812F8C89A}.Debug|Any CPU.Build.0 = Debug|Any CPU
		{FE428784-F80C-4F3F-8CA4-535812F8C89A}.Release|Any CPU.ActiveCfg = Release|Any CPU
		{FE428784-F80C-4F3F-8CA4-535812F8C89A}.Release|Any CPU.Build.0 = Release|Any CPU
		{EA2F0A71-CD02-4E09-A38D-38D590909227}.Debug|Any CPU.ActiveCfg = Debug|Any CPU
		{EA2F0A71-CD02-4E09-A38D-38D590909227}.Debug|Any CPU.Build.0 = Debug|Any CPU
		{EA2F0A71-CD02-4E09-A38D-38D590909227}.Release|Any CPU.ActiveCfg = Release|Any CPU
		{EA2F0A71-CD02-4E09-A38D-38D590909227}.Release|Any CPU.Build.0 = Release|Any CPU
	EndGlobalSection
	GlobalSection(SolutionProperties) = preSolution
		HideSolutionNode = FALSE
	EndGlobalSection
	GlobalSection(ExtensibilityGlobals) = postSolution
		SolutionGuid = {1D293B0C-EF12-44B8-949F-E3112C9439F3}
	EndGlobalSection
EndGlobal
